<?xml version="1.0" encoding="utf-8"?>
<Project ToolsVersion="4.0" xmlns="http://schemas.microsoft.com/developer/msbuild/2003">
  <ItemGroup>
    <Filter Include="Archivos de origen">
      <UniqueIdentifier>{4FC737F1-C7A5-4376-A066-2A32D752A2FF}</UniqueIdentifier>
      <Extensions>cpp;c;cc;cxx;c++;cppm;ixx;def;odl;idl;hpj;bat;asm;asmx</Extensions>
    </Filter>
    <Filter Include="Archivos de encabezado">
      <UniqueIdentifier>{93995380-89BD-4b04-88EB-625FBE52EBFB}</UniqueIdentifier>
      <Extensions>h;hh;hpp;hxx;h++;hm;inl;inc;ipp;xsd</Extensions>
    </Filter>
    <Filter Include="Archivos de recursos">
      <UniqueIdentifier>{67DA6AB6-F800-4c08-8B7A-83BB121AAD01}</UniqueIdentifier>
      <Extensions>rc;ico;cur;bmp;dlg;rc2;rct;bin;rgs;gif;jpg;jpeg;jpe;resx;tiff;tif;png;wav;mfcribbon-ms</Extensions>
    </Filter>
    <Filter Include="Archivos de encabezado\Helpers">
      <UniqueIdentifier>{53eee57f-4e42-44f9-a415-55de7de9b0ca}</UniqueIdentifier>
    </Filter>
    <Filter Include="Archivos de origen\Helpers">
      <UniqueIdentifier>{8c2564ff-1e10-4d53-9c93-ffdfb90f5ddd}</UniqueIdentifier>
    </Filter>
  </ItemGroup>
  <ItemGroup>
    <ClInclude Include="PauseHook.h">
      <Filter>Archivos de encabezado</Filter>
    </ClInclude>
    <ClInclude Include="amemory.h">
      <Filter>Archivos de encabezado\Helpers</Filter>
    </ClInclude>
    <ClInclude Include="cocos.h">
      <Filter>Archivos de encabezado\Helpers</Filter>
    </ClInclude>
    <ClInclude Include="console.h">
      <Filter>Archivos de encabezado\Helpers</Filter>
    </ClInclude>
    <ClInclude Include="framework.h">
      <Filter>Archivos de encabezado\Helpers</Filter>
    </ClInclude>
    <ClInclude Include="impl.h">
      <Filter>Archivos de encabezado\Helpers</Filter>
    </ClInclude>
    <ClInclude Include="matdash.h">
      <Filter>Archivos de encabezado\Helpers</Filter>
    </ClInclude>
    <ClInclude Include="mindash.h">
      <Filter>Archivos de encabezado\Helpers</Filter>
    </ClInclude>
    <ClInclude Include="pch.h">
      <Filter>Archivos de encabezado\Helpers</Filter>
    </ClInclude>
    <ClInclude Include="Utils.h">
      <Filter>Archivos de encabezado</Filter>
    </ClInclude>
    <ClInclude Include="gdstring.h">
      <Filter>Archivos de encabezado</Filter>
    </ClInclude>
    <ClInclude Include="BetterPause.h">
      <Filter>Archivos de encabezado</Filter>
    </ClInclude>
    <ClInclude Include="BetterPauseManager.h">
      <Filter>Archivos de encabezado</Filter>
    </ClInclude>
  </ItemGroup>
  <ItemGroup>
    <ClCompile Include="dllmain.cpp">
      <Filter>Archivos de origen</Filter>
    </ClCompile>
    <ClCompile Include="amemory.cpp">
      <Filter>Archivos de origen\Helpers</Filter>
    </ClCompile>
    <ClCompile Include="pch.cpp">
      <Filter>Archivos de origen\Helpers</Filter>
    </ClCompile>
    <ClCompile Include="Utils.cpp">
      <Filter>Archivos de origen</Filter>
    </ClCompile>
    <ClCompile Include="gdstring.cpp">
      <Filter>Archivos de origen</Filter>
    </ClCompile>
    <ClCompile Include="BetterPause.cpp">
      <Filter>Archivos de origen</Filter>
    </ClCompile>
    <ClCompile Include="BetterPauseManager.cpp">
      <Filter>Archivos de origen</Filter>
    </ClCompile>
  </ItemGroup>
</Project>